
Microsoft Visual Studio Solution File, Format Version 12.00
# Visual Studio 15
VisualStudioVersion = 15.0.28307.136
MinimumVisualStudioVersion = 10.0.40219.1
Project("{FAE04EC0-301F-11D3-BF4B-00C04F79EFBC}") = "TCPTunnel_Client", "TCPTunnel_Client\TCPTunnel_Client.csproj", "{6FB82D58-891B-41AC-8634-D4B7215EF2D6}"
EndProject
Project("{FAE04EC0-301F-11D3-BF4B-00C04F79EFBC}") = "Server", "Server\Server.csproj", "{60C48642-15C7-40D2-AE8D-9F7CE4277265}"
EndProject
Global
	GlobalSection(SolutionConfigurationPlatforms) = preSolution
		Debug|Any CPU = Debug|Any CPU
		Release|Any CPU = Release|Any CPU
	EndGlobalSection
	GlobalSection(ProjectConfigurationPlatforms) = postSolution
		{6FB82D58-891B-41AC-8634-D4B7215EF2D6}.Debug|Any CPU.ActiveCfg = Debug|Any CPU
		{6FB82D58-891B-41AC-8634-D4B7215EF2D6}.Debug|Any CPU.Build.0 = Debug|Any CPU
		{6FB82D58-891B-41AC-8634-D4B7215EF2D6}.Release|Any CPU.ActiveCfg = Release|Any CPU
		{6FB82D58-891B-41AC-8634-D4B7215EF2D6}.Release|Any CPU.Build.0 = Release|Any CPU
		{60C48642-15C7-40D2-AE8D-9F7CE4277265}.Debug|Any CPU.ActiveCfg = Debug|Any CPU
		{60C48642-15C7-40D2-AE8D-9F7CE4277265}.Debug|Any CPU.Build.0 = Debug|Any CPU
		{60C48642-15C7-40D2-AE8D-9F7CE4277265}.Release|Any CPU.ActiveCfg = Release|Any CPU
		{60C48642-15C7-40D2-AE8D-9F7CE4277265}.Release|Any CPU.Build.0 = Release|Any CPU
	EndGlobalSection
	GlobalSection(SolutionProperties) = preSolution
		HideSolutionNode = FALSE
	EndGlobalSection
	GlobalSection(ExtensibilityGlobals) = postSolution
		SolutionGuid = {AAA22787-13B0-4504-9984-8BA7A19025B1}
	EndGlobalSection
EndGlobal
