
Microsoft Visual Studio Solution File, Format Version 12.00
# Visual Studio 15
VisualStudioVersion = 15.0.28307.136
MinimumVisualStudioVersion = 10.0.40219.1
Project("{FAE04EC0-301F-11D3-BF4B-00C04F79EFBC}") = "TCP_Tunnel_v2", "TCP_Tunnel_v2\TCP_Tunnel_v2.csproj", "{EC5DFDCA-8D80-42D6-BFA2-DDAA7375F5D1}"
EndProject
Project("{FAE04EC0-301F-11D3-BF4B-00C04F79EFBC}") = "Server", "Server\Server.csproj", "{063C580B-B8C9-4FCB-9A31-03C88B955F6E}"
EndProject
Global
	GlobalSection(SolutionConfigurationPlatforms) = preSolution
		Debug|Any CPU = Debug|Any CPU
		Release|Any CPU = Release|Any CPU
	EndGlobalSection
	GlobalSection(ProjectConfigurationPlatforms) = postSolution
		{EC5DFDCA-8D80-42D6-BFA2-DDAA7375F5D1}.Debug|Any CPU.ActiveCfg = Debug|Any CPU
		{EC5DFDCA-8D80-42D6-BFA2-DDAA7375F5D1}.Debug|Any CPU.Build.0 = Debug|Any CPU
		{EC5DFDCA-8D80-42D6-BFA2-DDAA7375F5D1}.Release|Any CPU.ActiveCfg = Release|Any CPU
		{EC5DFDCA-8D80-42D6-BFA2-DDAA7375F5D1}.Release|Any CPU.Build.0 = Release|Any CPU
		{063C580B-B8C9-4FCB-9A31-03C88B955F6E}.Debug|Any CPU.ActiveCfg = Debug|Any CPU
		{063C580B-B8C9-4FCB-9A31-03C88B955F6E}.Debug|Any CPU.Build.0 = Debug|Any CPU
		{063C580B-B8C9-4FCB-9A31-03C88B955F6E}.Release|Any CPU.ActiveCfg = Release|Any CPU
		{063C580B-B8C9-4FCB-9A31-03C88B955F6E}.Release|Any CPU.Build.0 = Release|Any CPU
	EndGlobalSection
	GlobalSection(SolutionProperties) = preSolution
		HideSolutionNode = FALSE
	EndGlobalSection
	GlobalSection(ExtensibilityGlobals) = postSolution
		SolutionGuid = {277157CB-472D-48C9-B135-2940E10107EE}
	EndGlobalSection
EndGlobal
